
Microsoft Visual Studio Solution File, Format Version 12.00
# Visual Studio Version 16
VisualStudioVersion = 16.0.29123.88
MinimumVisualStudioVersion = 10.0.40219.1
Project("{FAE04EC0-301F-11D3-BF4B-00C04F79EFBC}") = "Cool_Hot", "Cool_Hot\Cool_Hot.csproj", "{CC225042-E23F-4EFA-B343-1E74914D4E5B}"
EndProject
Global
	GlobalSection(SolutionConfigurationPlatforms) = preSolution
		Debug|Any CPU = Debug|Any CPU
		Release|Any CPU = Release|Any CPU
	EndGlobalSection
	GlobalSection(ProjectConfigurationPlatforms) = postSolution
		{CC225042-E23F-4EFA-B343-1E74914D4E5B}.Debug|Any CPU.ActiveCfg = Debug|Any CPU
		{CC225042-E23F-4EFA-B343-1E74914D4E5B}.Debug|Any CPU.Build.0 = Debug|Any CPU
		{CC225042-E23F-4EFA-B343-1E74914D4E5B}.Release|Any CPU.ActiveCfg = Release|Any CPU
		{CC225042-E23F-4EFA-B343-1E74914D4E5B}.Release|Any CPU.Build.0 = Release|Any CPU
	EndGlobalSection
	GlobalSection(SolutionProperties) = preSolution
		HideSolutionNode = FALSE
	EndGlobalSection
	GlobalSection(ExtensibilityGlobals) = postSolution
		SolutionGuid = {18B621EF-7CD1-4678-9335-BEB57CF557C3}
	EndGlobalSection
EndGlobal
